{
    "_meta": {
        "hash": {
            "sha256": "2de286da95c87e9ba5b304cb1d7aa3da83ce93db1acc841f552d9a1c5ad49a50"
        },
        "pipfile-spec": 6,
        "requires": {},
        "sources": [
            {
                "name": "pypi",
                "url": "https://pypi.org/simple",
                "verify_ssl": true
            }
        ]
    },
    "default": {
        "tomlkit": {
            "hashes": [
                "sha256:29e84a855712dfe0e88a48f6d05c21118dbafb283bb2eed614d46f80deb8e9a1",
                "sha256:b824e3466f1d475b2b5f1c392954c6cb7ea04d64354ff7300dc7c14257dc85db"
            ],
            "index": "pypi",
            "version": "==0.8.0"
        }
    },
    "develop": {}
}
