{
    "_meta": {
        "hash": {
            "sha256": "1112367bfa6abd4f9aa78b768dc12605b06dbe19b720d9c03ef82b97b61ff1f6"
        },
        "pipfile-spec": 6,
        "requires": {},
        "sources": [
            {
                "name": "pypi",
                "url": "https://pypi.org/simple",
                "verify_ssl": true
            }
        ]
    },
    "default": {
        "sqlglot": {
            "hashes": [
                "sha256:1e685dae15f0caa2196078c333b32725768fe272dd2bae0ba16e09d02b7f4b94",
                "sha256:dd1679fc0d1f0e886bf21eecd6d8f233b3dc46959fa15784b6d12128cc0018c9"
            ],
            "index": "pypi",
            "version": "==1.20.0"
        },
        "tomlkit": {
            "hashes": [
                "sha256:29e84a855712dfe0e88a48f6d05c21118dbafb283bb2eed614d46f80deb8e9a1",
                "sha256:b824e3466f1d475b2b5f1c392954c6cb7ea04d64354ff7300dc7c14257dc85db"
            ],
            "index": "pypi",
            "version": "==0.8.0"
        }
    },
    "develop": {}
}
